
Microsoft Visual Studio Solution File, Format Version 12.00
# Visual Studio Version 16
VisualStudioVersion = 16.0.29911.84
MinimumVisualStudioVersion = 10.0.40219.1
Project("{FAE04EC0-301F-11D3-BF4B-00C04F79EFBC}") = "API", "API\API.csproj", "{52EBE2DE-7F66-483F-A852-377D276AA5DD}"
EndProject
Project("{FAE04EC0-301F-11D3-BF4B-00C04F79EFBC}") = "Services", "Services\Services.csproj", "{4EB248A4-48CB-47CD-8603-DDF71751CECD}"
EndProject
Project("{FAE04EC0-301F-11D3-BF4B-00C04F79EFBC}") = "Repositories", "Repositories\Repositories.csproj", "{FA58C81A-C94B-4EDA-91D2-45C17F7DD395}"
EndProject
Project("{FAE04EC0-301F-11D3-BF4B-00C04F79EFBC}") = "Model", "Model\Model.csproj", "{0EE522BB-E118-4B37-B76F-0297FAC5D9A7}"
EndProject
Global
	GlobalSection(SolutionConfigurationPlatforms) = preSolution
		Debug|Any CPU = Debug|Any CPU
		Release|Any CPU = Release|Any CPU
	EndGlobalSection
	GlobalSection(ProjectConfigurationPlatforms) = postSolution
		{52EBE2DE-7F66-483F-A852-377D276AA5DD}.Debug|Any CPU.ActiveCfg = Debug|Any CPU
		{52EBE2DE-7F66-483F-A852-377D276AA5DD}.Debug|Any CPU.Build.0 = Debug|Any CPU
		{52EBE2DE-7F66-483F-A852-377D276AA5DD}.Release|Any CPU.ActiveCfg = Release|Any CPU
		{52EBE2DE-7F66-483F-A852-377D276AA5DD}.Release|Any CPU.Build.0 = Release|Any CPU
		{4EB248A4-48CB-47CD-8603-DDF71751CECD}.Debug|Any CPU.ActiveCfg = Debug|Any CPU
		{4EB248A4-48CB-47CD-8603-DDF71751CECD}.Debug|Any CPU.Build.0 = Debug|Any CPU
		{4EB248A4-48CB-47CD-8603-DDF71751CECD}.Release|Any CPU.ActiveCfg = Release|Any CPU
		{4EB248A4-48CB-47CD-8603-DDF71751CECD}.Release|Any CPU.Build.0 = Release|Any CPU
		{FA58C81A-C94B-4EDA-91D2-45C17F7DD395}.Debug|Any CPU.ActiveCfg = Debug|Any CPU
		{FA58C81A-C94B-4EDA-91D2-45C17F7DD395}.Debug|Any CPU.Build.0 = Debug|Any CPU
		{FA58C81A-C94B-4EDA-91D2-45C17F7DD395}.Release|Any CPU.ActiveCfg = Release|Any CPU
		{FA58C81A-C94B-4EDA-91D2-45C17F7DD395}.Release|Any CPU.Build.0 = Release|Any CPU
		{0EE522BB-E118-4B37-B76F-0297FAC5D9A7}.Debug|Any CPU.ActiveCfg = Debug|Any CPU
		{0EE522BB-E118-4B37-B76F-0297FAC5D9A7}.Debug|Any CPU.Build.0 = Debug|Any CPU
		{0EE522BB-E118-4B37-B76F-0297FAC5D9A7}.Release|Any CPU.ActiveCfg = Release|Any CPU
		{0EE522BB-E118-4B37-B76F-0297FAC5D9A7}.Release|Any CPU.Build.0 = Release|Any CPU
	EndGlobalSection
	GlobalSection(SolutionProperties) = preSolution
		HideSolutionNode = FALSE
	EndGlobalSection
	GlobalSection(ExtensibilityGlobals) = postSolution
		SolutionGuid = {753F7214-7B7E-4DDA-AE0D-FA07364CAD71}
	EndGlobalSection
EndGlobal
